// !$*UTF8*$!
{
	archiveVersion = 1;
	classes = {
	};
	objectVersion = 46;
	objects = {

/* Begin PBXBuildFile section */
		34EA04331E1BDB7D001F1AC2 /* AppDelegate.swift in Sources */ = {isa = PBXBuildFile; fileRef = 34EA04321E1BDB7D001F1AC2 /* AppDelegate.swift */; };
		34EA04351E1BDB7D001F1AC2 /* ViewController.swift in Sources */ = {isa = PBXBuildFile; fileRef = 34EA04341E1BDB7D001F1AC2 /* ViewController.swift */; };
		34EA04381E1BDB7D001F1AC2 /* Main.storyboard in Resources */ = {isa = PBXBuildFile; fileRef = 34EA04361E1BDB7D001F1AC2 /* Main.storyboard */; };
		34EA043A1E1BDB7D001F1AC2 /* Assets.xcassets in Resources */ = {isa = PBXBuildFile; fileRef = 34EA04391E1BDB7D001F1AC2 /* Assets.xcassets */; };
		34EA043D1E1BDB7D001F1AC2 /* LaunchScreen.storyboard in Resources */ = {isa = PBXBuildFile; fileRef = 34EA043B1E1BDB7D001F1AC2 /* LaunchScreen.storyboard */; };
		5BA852AA689AFEFB39B6DD36 /* Pods_LiveQueryTest.framework in Frameworks */ = {isa = PBXBuildFile; fileRef = 14E16CC8778969ABB0CAED86 /* Pods_LiveQueryTest.framework */; };
/* End PBXBuildFile section */

/* Begin PBXFileReference section */
		14E16CC8778969ABB0CAED86 /* Pods_LiveQueryTest.framework */ = {isa = PBXFileReference; explicitFileType = wrapper.framework; includeInIndex = 0; path = Pods_LiveQueryTest.framework; sourceTree = BUILT_PRODUCTS_DIR; };
		34EA042F1E1BDB7D001F1AC2 /* LiveQueryTest.app */ = {isa = PBXFileReference; explicitFileType = wrapper.application; includeInIndex = 0; path = LiveQueryTest.app; sourceTree = BUILT_PRODUCTS_DIR; };
		34EA04321E1BDB7D001F1AC2 /* AppDelegate.swift */ = {isa = PBXFileReference; lastKnownFileType = sourcecode.swift; path = AppDelegate.swift; sourceTree = "<group>"; };
		34EA04341E1BDB7D001F1AC2 /* ViewController.swift */ = {isa = PBXFileReference; lastKnownFileType = sourcecode.swift; path = ViewController.swift; sourceTree = "<group>"; };
		34EA04371E1BDB7D001F1AC2 /* Base */ = {isa = PBXFileReference; lastKnownFileType = file.storyboard; name = Base; path = Base.lproj/Main.storyboard; sourceTree = "<group>"; };
		34EA04391E1BDB7D001F1AC2 /* Assets.xcassets */ = {isa = PBXFileReference; lastKnownFileType = folder.assetcatalog; path = Assets.xcassets; sourceTree = "<group>"; };
		34EA043C1E1BDB7D001F1AC2 /* Base */ = {isa = PBXFileReference; lastKnownFileType = file.storyboard; name = Base; path = Base.lproj/LaunchScreen.storyboard; sourceTree = "<group>"; };
		34EA043E1E1BDB7D001F1AC2 /* Info.plist */ = {isa = PBXFileReference; lastKnownFileType = text.plist.xml; path = Info.plist; sourceTree = "<group>"; };
		C79AA2D2C8ACBE60BA229520 /* Pods-LiveQueryTest.debug.xcconfig */ = {isa = PBXFileReference; includeInIndex = 1; lastKnownFileType = text.xcconfig; name = "Pods-LiveQueryTest.debug.xcconfig"; path = "Pods/Target Support Files/Pods-LiveQueryTest/Pods-LiveQueryTest.debug.xcconfig"; sourceTree = "<group>"; };
		CEEF2A6C2E2E719F202744F6 /* Pods-LiveQueryTest.release.xcconfig */ = {isa = PBXFileReference; includeInIndex = 1; lastKnownFileType = text.xcconfig; name = "Pods-LiveQueryTest.release.xcconfig"; path = "Pods/Target Support Files/Pods-LiveQueryTest/Pods-LiveQueryTest.release.xcconfig"; sourceTree = "<group>"; };
/* End PBXFileReference section */

/* Begin PBXFrameworksBuildPhase section */
		34EA042C1E1BDB7D001F1AC2 /* Frameworks */ = {
			isa = PBXFrameworksBuildPhase;
			buildActionMask = 2147483647;
			files = (
				5BA852AA689AFEFB39B6DD36 /* Pods_LiveQueryTest.framework in Frameworks */,
			);
			runOnlyForDeploymentPostprocessing = 0;
		};
/* End PBXFrameworksBuildPhase section */

/* Begin PBXGroup section */
		34EA04261E1BDB7D001F1AC2 = {
			isa = PBXGroup;
			children = (
				34EA04311E1BDB7D001F1AC2 /* LiveQueryTest */,
				34EA04301E1BDB7D001F1AC2 /* Products */,
				A9C1C4B3E0BF904DD69854E2 /* Pods */,
				E92DAF7E34F6771245F1D6D0 /* Frameworks */,
			);
			sourceTree = "<group>";
		};
		34EA04301E1BDB7D001F1AC2 /* Products */ = {
			isa = PBXGroup;
			children = (
				34EA042F1E1BDB7D001F1AC2 /* LiveQueryTest.app */,
			);
			name = Products;
			sourceTree = "<group>";
		};
		34EA04311E1BDB7D001F1AC2 /* LiveQueryTest */ = {
			isa = PBXGroup;
			children = (
				34EA04321E1BDB7D001F1AC2 /* AppDelegate.swift */,
				34EA04341E1BDB7D001F1AC2 /* ViewController.swift */,
				34EA04361E1BDB7D001F1AC2 /* Main.storyboard */,
				34EA04391E1BDB7D001F1AC2 /* Assets.xcassets */,
				34EA043B1E1BDB7D001F1AC2 /* LaunchScreen.storyboard */,
				34EA043E1E1BDB7D001F1AC2 /* Info.plist */,
			);
			path = LiveQueryTest;
			sourceTree = "<group>";
		};
		A9C1C4B3E0BF904DD69854E2 /* Pods */ = {
			isa = PBXGroup;
			children = (
				C79AA2D2C8ACBE60BA229520 /* Pods-LiveQueryTest.debug.xcconfig */,
				CEEF2A6C2E2E719F202744F6 /* Pods-LiveQueryTest.release.xcconfig */,
			);
			name = Pods;
			sourceTree = "<group>";
		};
		E92DAF7E34F6771245F1D6D0 /* Frameworks */ = {
			isa = PBXGroup;
			children = (
				14E16CC8778969ABB0CAED86 /* Pods_LiveQueryTest.framework */,
			);
			name = Frameworks;
			sourceTree = "<group>";
		};
/* End PBXGroup section */

/* Begin PBXNativeTarget section */
		34EA042E1E1BDB7D001F1AC2 /* LiveQueryTest */ = {
			isa = PBXNativeTarget;
			buildConfigurationList = 34EA04411E1BDB7D001F1AC2 /* Build configuration list for PBXNativeTarget "LiveQueryTest" */;
			buildPhases = (
				D934E909FC960B2C6EC5AEA6 /* [CP] Check Pods Manifest.lock */,
				34EA042B1E1BDB7D001F1AC2 /* Sources */,
				34EA042C1E1BDB7D001F1AC2 /* Frameworks */,
				34EA042D1E1BDB7D001F1AC2 /* Resources */,
				035EBB03520F344F9B1E10AD /* [CP] Embed Pods Frameworks */,
				5C1AEC8AF4C3F69687B188E1 /* [CP] Copy Pods Resources */,
			);
			buildRules = (
			);
			dependencies = (
			);
			name = LiveQueryTest;
			productName = LiveQueryTest;
			productReference = 34EA042F1E1BDB7D001F1AC2 /* LiveQueryTest.app */;
			productType = "com.apple.product-type.application";
		};
/* End PBXNativeTarget section */

/* Begin PBXProject section */
		34EA04271E1BDB7D001F1AC2 /* Project object */ = {
			isa = PBXProject;
			attributes = {
				LastSwiftUpdateCheck = 0810;
				LastUpgradeCheck = 0810;
				ORGANIZATIONNAME = back4app;
				TargetAttributes = {
					34EA042E1E1BDB7D001F1AC2 = {
						CreatedOnToolsVersion = 8.1;
						ProvisioningStyle = Automatic;
					};
				};
			};
			buildConfigurationList = 34EA042A1E1BDB7D001F1AC2 /* Build configuration list for PBXProject "LiveQueryTest" */;
			compatibilityVersion = "Xcode 3.2";
			developmentRegion = English;
			hasScannedForEncodings = 0;
			knownRegions = (
				en,
				Base,
			);
			mainGroup = 34EA04261E1BDB7D001F1AC2;
			productRefGroup = 34EA04301E1BDB7D001F1AC2 /* Products */;
			projectDirPath = "";
			projectRoot = "";
			targets = (
				34EA042E1E1BDB7D001F1AC2 /* LiveQueryTest */,
			);
		};
/* End PBXProject section */

/* Begin PBXResourcesBuildPhase section */
		34EA042D1E1BDB7D001F1AC2 /* Resources */ = {
			isa = PBXResourcesBuildPhase;
			buildActionMask = 2147483647;
			files = (
				34EA043D1E1BDB7D001F1AC2 /* LaunchScreen.storyboard in Resources */,
				34EA043A1E1BDB7D001F1AC2 /* Assets.xcassets in Resources */,
				34EA04381E1BDB7D001F1AC2 /* Main.storyboard in Resources */,
			);
			runOnlyForDeploymentPostprocessing = 0;
		};
/* End PBXResourcesBuildPhase section */

/* Begin PBXShellScriptBuildPhase section */
		035EBB03520F344F9B1E10AD /* [CP] Embed Pods Frameworks */ = {
			isa = PBXShellScriptBuildPhase;
			buildActionMask = 2147483647;
			files = (
			);
			inputPaths = (
			);
			name = "[CP] Embed Pods Frameworks";
			outputPaths = (
			);
			runOnlyForDeploymentPostprocessing = 0;
			shellPath = /bin/sh;
			shellScript = "\"${SRCROOT}/Pods/Target Support Files/Pods-LiveQueryTest/Pods-LiveQueryTest-frameworks.sh\"\n";
			showEnvVarsInLog = 0;
		};
		5C1AEC8AF4C3F69687B188E1 /* [CP] Copy Pods Resources */ = {
			isa = PBXShellScriptBuildPhase;
			buildActionMask = 2147483647;
			files = (
			);
			inputPaths = (
			);
			name = "[CP] Copy Pods Resources";
			outputPaths = (
			);
			runOnlyForDeploymentPostprocessing = 0;
			shellPath = /bin/sh;
			shellScript = "\"${SRCROOT}/Pods/Target Support Files/Pods-LiveQueryTest/Pods-LiveQueryTest-resources.sh\"\n";
			showEnvVarsInLog = 0;
		};
		D934E909FC960B2C6EC5AEA6 /* [CP] Check Pods Manifest.lock */ = {
			isa = PBXShellScriptBuildPhase;
			buildActionMask = 2147483647;
			files = (
			);
			inputPaths = (
			);
			name = "[CP] Check Pods Manifest.lock";
			outputPaths = (
			);
			runOnlyForDeploymentPostprocessing = 0;
			shellPath = /bin/sh;
			shellScript = "diff \"${PODS_ROOT}/../Podfile.lock\" \"${PODS_ROOT}/Manifest.lock\" > /dev/null\nif [ $? != 0 ] ; then\n    # print error to STDERR\n    echo \"error: The sandbox is not in sync with the Podfile.lock. Run 'pod install' or update your CocoaPods installation.\" >&2\n    exit 1\nfi\n";
			showEnvVarsInLog = 0;
		};
/* End PBXShellScriptBuildPhase section */

/* Begin PBXSourcesBuildPhase section */
		34EA042B1E1BDB7D001F1AC2 /* Sources */ = {
			isa = PBXSourcesBuildPhase;
			buildActionMask = 2147483647;
			files = (
				34EA04351E1BDB7D001F1AC2 /* ViewController.swift in Sources */,
				34EA04331E1BDB7D001F1AC2 /* AppDelegate.swift in Sources */,
			);
			runOnlyForDeploymentPostprocessing = 0;
		};
/* End PBXSourcesBuildPhase section */

/* Begin PBXVariantGroup section */
		34EA04361E1BDB7D001F1AC2 /* Main.storyboard */ = {
			isa = PBXVariantGroup;
			children = (
				34EA04371E1BDB7D001F1AC2 /* Base */,
			);
			name = Main.storyboard;
			sourceTree = "<group>";
		};
		34EA043B1E1BDB7D001F1AC2 /* LaunchScreen.storyboard */ = {
			isa = PBXVariantGroup;
			children = (
				34EA043C1E1BDB7D001F1AC2 /* Base */,
			);
			name = LaunchScreen.storyboard;
			sourceTree = "<group>";
		};
/* End PBXVariantGroup section */

/* Begin XCBuildConfiguration section */
		34EA043F1E1BDB7D001F1AC2 /* Debug */ = {
			isa = XCBuildConfiguration;
			buildSettings = {
				ALWAYS_SEARCH_USER_PATHS = NO;
				CLANG_ANALYZER_NONNULL = YES;
				CLANG_CXX_LANGUAGE_STANDARD = "gnu++0x";
				CLANG_CXX_LIBRARY = "libc++";
				CLANG_ENABLE_MODULES = YES;
				CLANG_ENABLE_OBJC_ARC = YES;
				CLANG_WARN_BOOL_CONVERSION = YES;
				CLANG_WARN_CONSTANT_CONVERSION = YES;
				CLANG_WARN_DIRECT_OBJC_ISA_USAGE = YES_ERROR;
				CLANG_WARN_DOCUMENTATION_COMMENTS = YES;
				CLANG_WARN_EMPTY_BODY = YES;
				CLANG_WARN_ENUM_CONVERSION = YES;
				CLANG_WARN_INFINITE_RECURSION = YES;
				CLANG_WARN_INT_CONVERSION = YES;
				CLANG_WARN_OBJC_ROOT_CLASS = YES_ERROR;
				CLANG_WARN_SUSPICIOUS_MOVES = YES;
				CLANG_WARN_UNREACHABLE_CODE = YES;
				CLANG_WARN__DUPLICATE_METHOD_MATCH = YES;
				"CODE_SIGN_IDENTITY[sdk=iphoneos*]" = "iPhone Developer";
				COPY_PHASE_STRIP = NO;
				DEBUG_INFORMATION_FORMAT = dwarf;
				ENABLE_STRICT_OBJC_MSGSEND = YES;
				ENABLE_TESTABILITY = YES;
				GCC_C_LANGUAGE_STANDARD = gnu99;
				GCC_DYNAMIC_NO_PIC = NO;
				GCC_NO_COMMON_BLOCKS = YES;
				GCC_OPTIMIZATION_LEVEL = 0;
				GCC_PREPROCESSOR_DEFINITIONS = (
					"DEBUG=1",
					"$(inherited)",
				);
				GCC_WARN_64_TO_32_BIT_CONVERSION = YES;
				GCC_WARN_ABOUT_RETURN_TYPE = YES_ERROR;
				GCC_WARN_UNDECLARED_SELECTOR = YES;
				GCC_WARN_UNINITIALIZED_AUTOS = YES_AGGRESSIVE;
				GCC_WARN_UNUSED_FUNCTION = YES;
				GCC_WARN_UNUSED_VARIABLE = YES;
				IPHONEOS_DEPLOYMENT_TARGET = 10.1;
				MTL_ENABLE_DEBUG_INFO = YES;
				ONLY_ACTIVE_ARCH = YES;
				SDKROOT = iphoneos;
				SWIFT_ACTIVE_COMPILATION_CONDITIONS = DEBUG;
				SWIFT_OPTIMIZATION_LEVEL = "-Onone";
			};
			name = Debug;
		};
		34EA04401E1BDB7D001F1AC2 /* Release */ = {
			isa = XCBuildConfiguration;
			buildSettings = {
				ALWAYS_SEARCH_USER_PATHS = NO;
				CLANG_ANALYZER_NONNULL = YES;
				CLANG_CXX_LANGUAGE_STANDARD = "gnu++0x";
				CLANG_CXX_LIBRARY = "libc++";
				CLANG_ENABLE_MODULES = YES;
				CLANG_ENABLE_OBJC_ARC = YES;
				CLANG_WARN_BOOL_CONVERSION = YES;
				CLANG_WARN_CONSTANT_CONVERSION = YES;
				CLANG_WARN_DIRECT_OBJC_ISA_USAGE = YES_ERROR;
				CLANG_WARN_DOCUMENTATION_COMMENTS = YES;
				CLANG_WARN_EMPTY_BODY = YES;
				CLANG_WARN_ENUM_CONVERSION = YES;
				CLANG_WARN_INFINITE_RECURSION = YES;
				CLANG_WARN_INT_CONVERSION = YES;
				CLANG_WARN_OBJC_ROOT_CLASS = YES_ERROR;
				CLANG_WARN_SUSPICIOUS_MOVES = YES;
				CLANG_WARN_UNREACHABLE_CODE = YES;
				CLANG_WARN__DUPLICATE_METHOD_MATCH = YES;
				"CODE_SIGN_IDENTITY[sdk=iphoneos*]" = "iPhone Developer";
				COPY_PHASE_STRIP = NO;
				DEBUG_INFORMATION_FORMAT = "dwarf-with-dsym";
				ENABLE_NS_ASSERTIONS = NO;
				ENABLE_STRICT_OBJC_MSGSEND = YES;
				GCC_C_LANGUAGE_STANDARD = gnu99;
				GCC_NO_COMMON_BLOCKS = YES;
				GCC_WARN_64_TO_32_BIT_CONVERSION = YES;
				GCC_WARN_ABOUT_RETURN_TYPE = YES_ERROR;
				GCC_WARN_UNDECLARED_SELECTOR = YES;
				GCC_WARN_UNINITIALIZED_AUTOS = YES_AGGRESSIVE;
				GCC_WARN_UNUSED_FUNCTION = YES;
				GCC_WARN_UNUSED_VARIABLE = YES;
				IPHONEOS_DEPLOYMENT_TARGET = 10.1;
				MTL_ENABLE_DEBUG_INFO = NO;
				SDKROOT = iphoneos;
				SWIFT_OPTIMIZATION_LEVEL = "-Owholemodule";
				VALIDATE_PRODUCT = YES;
			};
			name = Release;
		};
		34EA04421E1BDB7D001F1AC2 /* Debug */ = {
			isa = XCBuildConfiguration;
			baseConfigurationReference = C79AA2D2C8ACBE60BA229520 /* Pods-LiveQueryTest.debug.xcconfig */;
			buildSettings = {
				ASSETCATALOG_COMPILER_APPICON_NAME = AppIcon;
				INFOPLIST_FILE = LiveQueryTest/Info.plist;
				LD_RUNPATH_SEARCH_PATHS = "$(inherited) @executable_path/Frameworks";
				PRODUCT_BUNDLE_IDENTIFIER = com.back4app.LiveQueryTest;
				PRODUCT_NAME = "$(TARGET_NAME)";
				SWIFT_VERSION = 3.0;
			};
			name = Debug;
		};
		34EA04431E1BDB7D001F1AC2 /* Release */ = {
			isa = XCBuildConfiguration;
			baseConfigurationReference = CEEF2A6C2E2E719F202744F6 /* Pods-LiveQueryTest.release.xcconfig */;
			buildSettings = {
				ASSETCATALOG_COMPILER_APPICON_NAME = AppIcon;
				INFOPLIST_FILE = LiveQueryTest/Info.plist;
				LD_RUNPATH_SEARCH_PATHS = "$(inherited) @executable_path/Frameworks";
				PRODUCT_BUNDLE_IDENTIFIER = com.back4app.LiveQueryTest;
				PRODUCT_NAME = "$(TARGET_NAME)";
				SWIFT_VERSION = 3.0;
			};
			name = Release;
		};
/* End XCBuildConfiguration section */

/* Begin XCConfigurationList section */
		34EA042A1E1BDB7D001F1AC2 /* Build configuration list for PBXProject "LiveQueryTest" */ = {
			isa = XCConfigurationList;
			buildConfigurations = (
				34EA043F1E1BDB7D001F1AC2 /* Debug */,
				34EA04401E1BDB7D001F1AC2 /* Release */,
			);
			defaultConfigurationIsVisible = 0;
			defaultConfigurationName = Release;
		};
		34EA04411E1BDB7D001F1AC2 /* Build configuration list for PBXNativeTarget "LiveQueryTest" */ = {
			isa = XCConfigurationList;
			buildConfigurations = (
				34EA04421E1BDB7D001F1AC2 /* Debug */,
				34EA04431E1BDB7D001F1AC2 /* Release */,
			);
			defaultConfigurationIsVisible = 0;
			defaultConfigurationName = Release;
		};
/* End XCConfigurationList section */
	};
	rootObject = 34EA04271E1BDB7D001F1AC2 /* Project object */;
}
